// !$*UTF8*$!
{
	archiveVersion = 1;
	classes = {
	};
	objectVersion = 56;
	objects = {

/* Begin PBXBuildFile section */
		C96E93442A84F57C00F0D633 /* DependencyContainer.swift in Sources */ = {isa = PBXBuildFile; fileRef = C96E93432A84F57C00F0D633 /* DependencyContainer.swift */; };
		C96E934F2A84FE9F00F0D633 /* UnsplashRepository.swift in Sources */ = {isa = PBXBuildFile; fileRef = C96E934E2A84FE9F00F0D633 /* UnsplashRepository.swift */; };
		C96E93512A84FEB400F0D633 /* UnsplashRemoteAPI.swift in Sources */ = {isa = PBXBuildFile; fileRef = C96E93502A84FEB400F0D633 /* UnsplashRemoteAPI.swift */; };
		C96E93542A84FFC000F0D633 /* UnsplashDataStore.swift in Sources */ = {isa = PBXBuildFile; fileRef = C96E93532A84FFC000F0D633 /* UnsplashDataStore.swift */; };
		C96E93562A85027500F0D633 /* FileUnsplashCareTaker.swift in Sources */ = {isa = PBXBuildFile; fileRef = C96E93552A85027500F0D633 /* FileUnsplashCareTaker.swift */; };
		C96E93582A85035400F0D633 /* UnsplashRepositoryProvider.swift in Sources */ = {isa = PBXBuildFile; fileRef = C96E93572A85035400F0D633 /* UnsplashRepositoryProvider.swift */; };
		C96E935A2A850C6E00F0D633 /* UnsplashRemoteAPIError.swift in Sources */ = {isa = PBXBuildFile; fileRef = C96E93592A850C6E00F0D633 /* UnsplashRemoteAPIError.swift */; };
		C96E935D2A851B1200F0D633 /* UnsplashModelFactory.swift in Sources */ = {isa = PBXBuildFile; fileRef = C96E935C2A851B1200F0D633 /* UnsplashModelFactory.swift */; };
		C96E935F2A851B2700F0D633 /* NavigationModelFactory.swift in Sources */ = {isa = PBXBuildFile; fileRef = C96E935E2A851B2700F0D633 /* NavigationModelFactory.swift */; };
		C96E93662A851ECD00F0D633 /* ConfigManager.swift in Sources */ = {isa = PBXBuildFile; fileRef = C96E93622A851ECD00F0D633 /* ConfigManager.swift */; };
		C96E93672A851ECD00F0D633 /* UnsplashConfig.swift in Sources */ = {isa = PBXBuildFile; fileRef = C96E93632A851ECD00F0D633 /* UnsplashConfig.swift */; };
		C96E93682A851ECD00F0D633 /* CredentialProvider.swift in Sources */ = {isa = PBXBuildFile; fileRef = C96E93642A851ECD00F0D633 /* CredentialProvider.swift */; };
		C96E93692A851ECD00F0D633 /* ConfigProvider.swift in Sources */ = {isa = PBXBuildFile; fileRef = C96E93652A851ECD00F0D633 /* ConfigProvider.swift */; };
		C96E936B2A85253F00F0D633 /* UnsplashRepositoryTests.swift in Sources */ = {isa = PBXBuildFile; fileRef = C96E936A2A85253F00F0D633 /* UnsplashRepositoryTests.swift */; };
		C96E936E2A85258100F0D633 /* StubUnsplashRepository.swift in Sources */ = {isa = PBXBuildFile; fileRef = C96E936D2A85258100F0D633 /* StubUnsplashRepository.swift */; };
		C96E93702A85263F00F0D633 /* mockUnsplashPhoto.json in Resources */ = {isa = PBXBuildFile; fileRef = C96E936F2A85263F00F0D633 /* mockUnsplashPhoto.json */; };
		C96E93732A85266700F0D633 /* DecodeHelper.swift in Sources */ = {isa = PBXBuildFile; fileRef = C96E93722A85266700F0D633 /* DecodeHelper.swift */; };
		C96E93752A85286E00F0D633 /* MockHelper.swift in Sources */ = {isa = PBXBuildFile; fileRef = C96E93742A85286E00F0D633 /* MockHelper.swift */; };
		C96E93772A852B8E00F0D633 /* StubUnsplashDataStore.swift in Sources */ = {isa = PBXBuildFile; fileRef = C96E93762A852B8E00F0D633 /* StubUnsplashDataStore.swift */; };
		C96E93792A852B9600F0D633 /* StubUnsplashRemoteAPI.swift in Sources */ = {isa = PBXBuildFile; fileRef = C96E93782A852B9600F0D633 /* StubUnsplashRemoteAPI.swift */; };
		C96E937C2A85300700F0D633 /* TestURLProtocol.swift in Sources */ = {isa = PBXBuildFile; fileRef = C96E937B2A85300700F0D633 /* TestURLProtocol.swift */; };
		C96E937E2A85301D00F0D633 /* InputStream.swift in Sources */ = {isa = PBXBuildFile; fileRef = C96E937D2A85301D00F0D633 /* InputStream.swift */; };
		C96E93802A85330000F0D633 /* UnsplashRemoteAPITests.swift in Sources */ = {isa = PBXBuildFile; fileRef = C96E937F2A85330000F0D633 /* UnsplashRemoteAPITests.swift */; };
		C96E93822A8533E000F0D633 /* UnsplashDataStoreTests.swift in Sources */ = {isa = PBXBuildFile; fileRef = C96E93812A8533E000F0D633 /* UnsplashDataStoreTests.swift */; };
		C96E93852A854D7D00F0D633 /* FileUnsplashCareTakerTests.swift in Sources */ = {isa = PBXBuildFile; fileRef = C96E93842A854D7D00F0D633 /* FileUnsplashCareTakerTests.swift */; };
		C96E93872A85595D00F0D633 /* UnsplashModelTests.swift in Sources */ = {isa = PBXBuildFile; fileRef = C96E93862A85595D00F0D633 /* UnsplashModelTests.swift */; };
		C96E93A92A855FFD00F0D633 /* UnsplashEndpointType.swift in Sources */ = {isa = PBXBuildFile; fileRef = C96E93A82A855FFD00F0D633 /* UnsplashEndpointType.swift */; };
		C96E93AC2A85690500F0D633 /* EndPointType.swift in Sources */ = {isa = PBXBuildFile; fileRef = C96E93AB2A85690500F0D633 /* EndPointType.swift */; };
		C96E93AE2A85692900F0D633 /* HTTPMethod.swift in Sources */ = {isa = PBXBuildFile; fileRef = C96E93AD2A85692900F0D633 /* HTTPMethod.swift */; };
		C96E93B02A85694500F0D633 /* HTTPTask.swift in Sources */ = {isa = PBXBuildFile; fileRef = C96E93AF2A85694500F0D633 /* HTTPTask.swift */; };
		C96E93B22A85697A00F0D633 /* UnsplashRouter.swift in Sources */ = {isa = PBXBuildFile; fileRef = C96E93B12A85697A00F0D633 /* UnsplashRouter.swift */; };
		C96E93B42A85711D00F0D633 /* UnsplashRouterTests.swift in Sources */ = {isa = PBXBuildFile; fileRef = C96E93B32A85711D00F0D633 /* UnsplashRouterTests.swift */; };
		C96E93B62A85715D00F0D633 /* UnsplashEndpointTypeTests.swift in Sources */ = {isa = PBXBuildFile; fileRef = C96E93B52A85715D00F0D633 /* UnsplashEndpointTypeTests.swift */; };
		C96E93BA2A85898300F0D633 /* UnsplashMockEndpointType.swift in Sources */ = {isa = PBXBuildFile; fileRef = C96E93B92A85898300F0D633 /* UnsplashMockEndpointType.swift */; };
		C96E93BD2A858E5A00F0D633 /* Kingfisher in Frameworks */ = {isa = PBXBuildFile; productRef = C96E93BC2A858E5A00F0D633 /* Kingfisher */; };
		C98F19B92A82CC6B002BF99F /* BennettsApp.swift in Sources */ = {isa = PBXBuildFile; fileRef = C98F19B82A82CC6B002BF99F /* BennettsApp.swift */; };
		C98F19BB2A82CC6B002BF99F /* ContentView.swift in Sources */ = {isa = PBXBuildFile; fileRef = C98F19BA2A82CC6B002BF99F /* ContentView.swift */; };
		C98F19BF2A82CC6E002BF99F /* Assets.xcassets in Resources */ = {isa = PBXBuildFile; fileRef = C98F19BE2A82CC6E002BF99F /* Assets.xcassets */; };
		C98F19C22A82CC6E002BF99F /* Preview Assets.xcassets in Resources */ = {isa = PBXBuildFile; fileRef = C98F19C12A82CC6E002BF99F /* Preview Assets.xcassets */; };
		C98F19D82A82CC6E002BF99F /* BennettsUITests.swift in Sources */ = {isa = PBXBuildFile; fileRef = C98F19D72A82CC6E002BF99F /* BennettsUITests.swift */; };
		C98F19DA2A82CC6E002BF99F /* BennettsUITestsLaunchTests.swift in Sources */ = {isa = PBXBuildFile; fileRef = C98F19D92A82CC6E002BF99F /* BennettsUITestsLaunchTests.swift */; };
		C98F19EB2A82F57C002BF99F /* BSAsyncImage.swift in Sources */ = {isa = PBXBuildFile; fileRef = C98F19EA2A82F57C002BF99F /* BSAsyncImage.swift */; };
		C98F19F42A82F85B002BF99F /* URL+.swift in Sources */ = {isa = PBXBuildFile; fileRef = C98F19F32A82F85B002BF99F /* URL+.swift */; };
		C98F19F62A83009A002BF99F /* ProfileImageView.swift in Sources */ = {isa = PBXBuildFile; fileRef = C98F19F52A83009A002BF99F /* ProfileImageView.swift */; };
		C98F19F82A8300BF002BF99F /* LikeCountView.swift in Sources */ = {isa = PBXBuildFile; fileRef = C98F19F72A8300BF002BF99F /* LikeCountView.swift */; };
		C98F19FC2A8301F8002BF99F /* UnsplashPhoto.swift in Sources */ = {isa = PBXBuildFile; fileRef = C98F19FB2A8301F8002BF99F /* UnsplashPhoto.swift */; };
		C98F19FE2A830213002BF99F /* UnsplashPhotoExif.swift in Sources */ = {isa = PBXBuildFile; fileRef = C98F19FD2A830213002BF99F /* UnsplashPhotoExif.swift */; };
		C98F1A002A830229002BF99F /* UnsplashUser.swift in Sources */ = {isa = PBXBuildFile; fileRef = C98F19FF2A830229002BF99F /* UnsplashUser.swift */; };
		C98F1A022A8302E9002BF99F /* Color+.swift in Sources */ = {isa = PBXBuildFile; fileRef = C98F1A012A8302E9002BF99F /* Color+.swift */; };
		C98F1A042A830338002BF99F /* Dictionary+.swift in Sources */ = {isa = PBXBuildFile; fileRef = C98F1A032A830338002BF99F /* Dictionary+.swift */; };
		C98F1A072A83A38F002BF99F /* UnsplashModel.swift in Sources */ = {isa = PBXBuildFile; fileRef = C98F1A062A83A38F002BF99F /* UnsplashModel.swift */; };
		C98F1A092A83A3EF002BF99F /* String+.swift in Sources */ = {isa = PBXBuildFile; fileRef = C98F1A082A83A3EF002BF99F /* String+.swift */; };
		C98F1A0C2A83B59A002BF99F /* KeyedDecodingContainer+.swift in Sources */ = {isa = PBXBuildFile; fileRef = C98F1A0B2A83B59A002BF99F /* KeyedDecodingContainer+.swift */; };
		C98F1A0E2A83C046002BF99F /* ImageContentDescriptionView.swift in Sources */ = {isa = PBXBuildFile; fileRef = C98F1A0D2A83C046002BF99F /* ImageContentDescriptionView.swift */; };
		C98F1A102A83C604002BF99F /* Int+.swift in Sources */ = {isa = PBXBuildFile; fileRef = C98F1A0F2A83C604002BF99F /* Int+.swift */; };
		C98F1A122A83D173002BF99F /* View+.swift in Sources */ = {isa = PBXBuildFile; fileRef = C98F1A112A83D173002BF99F /* View+.swift */; };
		C99E37B52A83F1DE00094B12 /* NavigationModel.swift in Sources */ = {isa = PBXBuildFile; fileRef = C99E37B42A83F1DE00094B12 /* NavigationModel.swift */; };
		C99E37B72A83F5DF00094B12 /* PhotoDetailView.swift in Sources */ = {isa = PBXBuildFile; fileRef = C99E37B62A83F5DF00094B12 /* PhotoDetailView.swift */; };
		C99E37BC2A8409D900094B12 /* TotalPhotosCountView.swift in Sources */ = {isa = PBXBuildFile; fileRef = C99E37BB2A8409D900094B12 /* TotalPhotosCountView.swift */; };
/* End PBXBuildFile section */

/* Begin PBXContainerItemProxy section */
		C98F19CA2A82CC6E002BF99F /* PBXContainerItemProxy */ = {
			isa = PBXContainerItemProxy;
			containerPortal = C98F19AD2A82CC6B002BF99F /* Project object */;
			proxyType = 1;
			remoteGlobalIDString = C98F19B42A82CC6B002BF99F;
			remoteInfo = Bennetts;
		};
		C98F19D42A82CC6E002BF99F /* PBXContainerItemProxy */ = {
			isa = PBXContainerItemProxy;
			containerPortal = C98F19AD2A82CC6B002BF99F /* Project object */;
			proxyType = 1;
			remoteGlobalIDString = C98F19B42A82CC6B002BF99F;
			remoteInfo = Bennetts;
		};
/* End PBXContainerItemProxy section */

/* Begin PBXFileReference section */
		C96E93432A84F57C00F0D633 /* DependencyContainer.swift */ = {isa = PBXFileReference; lastKnownFileType = sourcecode.swift; path = DependencyContainer.swift; sourceTree = "<group>"; };
		C96E934E2A84FE9F00F0D633 /* UnsplashRepository.swift */ = {isa = PBXFileReference; lastKnownFileType = sourcecode.swift; path = UnsplashRepository.swift; sourceTree = "<group>"; };
		C96E93502A84FEB400F0D633 /* UnsplashRemoteAPI.swift */ = {isa = PBXFileReference; lastKnownFileType = sourcecode.swift; path = UnsplashRemoteAPI.swift; sourceTree = "<group>"; };
		C96E93532A84FFC000F0D633 /* UnsplashDataStore.swift */ = {isa = PBXFileReference; lastKnownFileType = sourcecode.swift; path = UnsplashDataStore.swift; sourceTree = "<group>"; };
		C96E93552A85027500F0D633 /* FileUnsplashCareTaker.swift */ = {isa = PBXFileReference; lastKnownFileType = sourcecode.swift; path = FileUnsplashCareTaker.swift; sourceTree = "<group>"; };
		C96E93572A85035400F0D633 /* UnsplashRepositoryProvider.swift */ = {isa = PBXFileReference; lastKnownFileType = sourcecode.swift; path = UnsplashRepositoryProvider.swift; sourceTree = "<group>"; };
		C96E93592A850C6E00F0D633 /* UnsplashRemoteAPIError.swift */ = {isa = PBXFileReference; lastKnownFileType = sourcecode.swift; path = UnsplashRemoteAPIError.swift; sourceTree = "<group>"; };
		C96E935C2A851B1200F0D633 /* UnsplashModelFactory.swift */ = {isa = PBXFileReference; lastKnownFileType = sourcecode.swift; path = UnsplashModelFactory.swift; sourceTree = "<group>"; };
		C96E935E2A851B2700F0D633 /* NavigationModelFactory.swift */ = {isa = PBXFileReference; lastKnownFileType = sourcecode.swift; path = NavigationModelFactory.swift; sourceTree = "<group>"; };
		C96E93622A851ECD00F0D633 /* ConfigManager.swift */ = {isa = PBXFileReference; fileEncoding = 4; lastKnownFileType = sourcecode.swift; path = ConfigManager.swift; sourceTree = "<group>"; };
		C96E93632A851ECD00F0D633 /* UnsplashConfig.swift */ = {isa = PBXFileReference; fileEncoding = 4; lastKnownFileType = sourcecode.swift; path = UnsplashConfig.swift; sourceTree = "<group>"; };
		C96E93642A851ECD00F0D633 /* CredentialProvider.swift */ = {isa = PBXFileReference; fileEncoding = 4; lastKnownFileType = sourcecode.swift; path = CredentialProvider.swift; sourceTree = "<group>"; };
		C96E93652A851ECD00F0D633 /* ConfigProvider.swift */ = {isa = PBXFileReference; fileEncoding = 4; lastKnownFileType = sourcecode.swift; path = ConfigProvider.swift; sourceTree = "<group>"; };
		C96E936A2A85253F00F0D633 /* UnsplashRepositoryTests.swift */ = {isa = PBXFileReference; lastKnownFileType = sourcecode.swift; path = UnsplashRepositoryTests.swift; sourceTree = "<group>"; };
		C96E936D2A85258100F0D633 /* StubUnsplashRepository.swift */ = {isa = PBXFileReference; lastKnownFileType = sourcecode.swift; path = StubUnsplashRepository.swift; sourceTree = "<group>"; };
		C96E936F2A85263F00F0D633 /* mockUnsplashPhoto.json */ = {isa = PBXFileReference; fileEncoding = 4; lastKnownFileType = text.json; path = mockUnsplashPhoto.json; sourceTree = "<group>"; };
		C96E93722A85266700F0D633 /* DecodeHelper.swift */ = {isa = PBXFileReference; lastKnownFileType = sourcecode.swift; path = DecodeHelper.swift; sourceTree = "<group>"; };
		C96E93742A85286E00F0D633 /* MockHelper.swift */ = {isa = PBXFileReference; lastKnownFileType = sourcecode.swift; path = MockHelper.swift; sourceTree = "<group>"; };
		C96E93762A852B8E00F0D633 /* StubUnsplashDataStore.swift */ = {isa = PBXFileReference; lastKnownFileType = sourcecode.swift; path = StubUnsplashDataStore.swift; sourceTree = "<group>"; };
		C96E93782A852B9600F0D633 /* StubUnsplashRemoteAPI.swift */ = {isa = PBXFileReference; lastKnownFileType = sourcecode.swift; path = StubUnsplashRemoteAPI.swift; sourceTree = "<group>"; };
		C96E937B2A85300700F0D633 /* TestURLProtocol.swift */ = {isa = PBXFileReference; lastKnownFileType = sourcecode.swift; path = TestURLProtocol.swift; sourceTree = "<group>"; };
		C96E937D2A85301D00F0D633 /* InputStream.swift */ = {isa = PBXFileReference; lastKnownFileType = sourcecode.swift; path = InputStream.swift; sourceTree = "<group>"; };
		C96E937F2A85330000F0D633 /* UnsplashRemoteAPITests.swift */ = {isa = PBXFileReference; lastKnownFileType = sourcecode.swift; path = UnsplashRemoteAPITests.swift; sourceTree = "<group>"; };
		C96E93812A8533E000F0D633 /* UnsplashDataStoreTests.swift */ = {isa = PBXFileReference; lastKnownFileType = sourcecode.swift; path = UnsplashDataStoreTests.swift; sourceTree = "<group>"; };
		C96E93832A85490500F0D633 /* Config.xcconfig */ = {isa = PBXFileReference; lastKnownFileType = text.xcconfig; path = Config.xcconfig; sourceTree = "<group>"; };
		C96E93842A854D7D00F0D633 /* FileUnsplashCareTakerTests.swift */ = {isa = PBXFileReference; lastKnownFileType = sourcecode.swift; path = FileUnsplashCareTakerTests.swift; sourceTree = "<group>"; };
		C96E93862A85595D00F0D633 /* UnsplashModelTests.swift */ = {isa = PBXFileReference; lastKnownFileType = sourcecode.swift; path = UnsplashModelTests.swift; sourceTree = "<group>"; };
		C96E93A82A855FFD00F0D633 /* UnsplashEndpointType.swift */ = {isa = PBXFileReference; lastKnownFileType = sourcecode.swift; path = UnsplashEndpointType.swift; sourceTree = "<group>"; };
		C96E93AB2A85690500F0D633 /* EndPointType.swift */ = {isa = PBXFileReference; lastKnownFileType = sourcecode.swift; path = EndPointType.swift; sourceTree = "<group>"; };
		C96E93AD2A85692900F0D633 /* HTTPMethod.swift */ = {isa = PBXFileReference; lastKnownFileType = sourcecode.swift; path = HTTPMethod.swift; sourceTree = "<group>"; };
		C96E93AF2A85694500F0D633 /* HTTPTask.swift */ = {isa = PBXFileReference; lastKnownFileType = sourcecode.swift; path = HTTPTask.swift; sourceTree = "<group>"; };
		C96E93B12A85697A00F0D633 /* UnsplashRouter.swift */ = {isa = PBXFileReference; lastKnownFileType = sourcecode.swift; path = UnsplashRouter.swift; sourceTree = "<group>"; };
		C96E93B32A85711D00F0D633 /* UnsplashRouterTests.swift */ = {isa = PBXFileReference; lastKnownFileType = sourcecode.swift; path = UnsplashRouterTests.swift; sourceTree = "<group>"; };
		C96E93B52A85715D00F0D633 /* UnsplashEndpointTypeTests.swift */ = {isa = PBXFileReference; lastKnownFileType = sourcecode.swift; path = UnsplashEndpointTypeTests.swift; sourceTree = "<group>"; };
		C96E93B92A85898300F0D633 /* UnsplashMockEndpointType.swift */ = {isa = PBXFileReference; lastKnownFileType = sourcecode.swift; path = UnsplashMockEndpointType.swift; sourceTree = "<group>"; };
		C98F19B52A82CC6B002BF99F /* Bennetts.app */ = {isa = PBXFileReference; explicitFileType = wrapper.application; includeInIndex = 0; path = Bennetts.app; sourceTree = BUILT_PRODUCTS_DIR; };
		C98F19B82A82CC6B002BF99F /* BennettsApp.swift */ = {isa = PBXFileReference; lastKnownFileType = sourcecode.swift; path = BennettsApp.swift; sourceTree = "<group>"; };
		C98F19BA2A82CC6B002BF99F /* ContentView.swift */ = {isa = PBXFileReference; lastKnownFileType = sourcecode.swift; path = ContentView.swift; sourceTree = "<group>"; };
		C98F19BE2A82CC6E002BF99F /* Assets.xcassets */ = {isa = PBXFileReference; lastKnownFileType = folder.assetcatalog; path = Assets.xcassets; sourceTree = "<group>"; };
		C98F19C12A82CC6E002BF99F /* Preview Assets.xcassets */ = {isa = PBXFileReference; lastKnownFileType = folder.assetcatalog; path = "Preview Assets.xcassets"; sourceTree = "<group>"; };
		C98F19C32A82CC6E002BF99F /* Bennetts.entitlements */ = {isa = PBXFileReference; lastKnownFileType = text.plist.entitlements; path = Bennetts.entitlements; sourceTree = "<group>"; };
		C98F19C42A82CC6E002BF99F /* Info.plist */ = {isa = PBXFileReference; lastKnownFileType = text.plist.xml; path = Info.plist; sourceTree = "<group>"; };
		C98F19C92A82CC6E002BF99F /* BennettsTests.xctest */ = {isa = PBXFileReference; explicitFileType = wrapper.cfbundle; includeInIndex = 0; path = BennettsTests.xctest; sourceTree = BUILT_PRODUCTS_DIR; };
		C98F19D32A82CC6E002BF99F /* BennettsUITests.xctest */ = {isa = PBXFileReference; explicitFileType = wrapper.cfbundle; includeInIndex = 0; path = BennettsUITests.xctest; sourceTree = BUILT_PRODUCTS_DIR; };
		C98F19D72A82CC6E002BF99F /* BennettsUITests.swift */ = {isa = PBXFileReference; lastKnownFileType = sourcecode.swift; path = BennettsUITests.swift; sourceTree = "<group>"; };
		C98F19D92A82CC6E002BF99F /* BennettsUITestsLaunchTests.swift */ = {isa = PBXFileReference; lastKnownFileType = sourcecode.swift; path = BennettsUITestsLaunchTests.swift; sourceTree = "<group>"; };
		C98F19EA2A82F57C002BF99F /* BSAsyncImage.swift */ = {isa = PBXFileReference; lastKnownFileType = sourcecode.swift; path = BSAsyncImage.swift; sourceTree = "<group>"; };
		C98F19F32A82F85B002BF99F /* URL+.swift */ = {isa = PBXFileReference; lastKnownFileType = sourcecode.swift; path = "URL+.swift"; sourceTree = "<group>"; };
		C98F19F52A83009A002BF99F /* ProfileImageView.swift */ = {isa = PBXFileReference; lastKnownFileType = sourcecode.swift; path = ProfileImageView.swift; sourceTree = "<group>"; };
		C98F19F72A8300BF002BF99F /* LikeCountView.swift */ = {isa = PBXFileReference; lastKnownFileType = sourcecode.swift; path = LikeCountView.swift; sourceTree = "<group>"; };
		C98F19FB2A8301F8002BF99F /* UnsplashPhoto.swift */ = {isa = PBXFileReference; lastKnownFileType = sourcecode.swift; path = UnsplashPhoto.swift; sourceTree = "<group>"; };
		C98F19FD2A830213002BF99F /* UnsplashPhotoExif.swift */ = {isa = PBXFileReference; lastKnownFileType = sourcecode.swift; path = UnsplashPhotoExif.swift; sourceTree = "<group>"; };
		C98F19FF2A830229002BF99F /* UnsplashUser.swift */ = {isa = PBXFileReference; lastKnownFileType = sourcecode.swift; path = UnsplashUser.swift; sourceTree = "<group>"; };
		C98F1A012A8302E9002BF99F /* Color+.swift */ = {isa = PBXFileReference; lastKnownFileType = sourcecode.swift; path = "Color+.swift"; sourceTree = "<group>"; };
		C98F1A032A830338002BF99F /* Dictionary+.swift */ = {isa = PBXFileReference; lastKnownFileType = sourcecode.swift; path = "Dictionary+.swift"; sourceTree = "<group>"; };
		C98F1A062A83A38F002BF99F /* UnsplashModel.swift */ = {isa = PBXFileReference; lastKnownFileType = sourcecode.swift; path = UnsplashModel.swift; sourceTree = "<group>"; };
		C98F1A082A83A3EF002BF99F /* String+.swift */ = {isa = PBXFileReference; lastKnownFileType = sourcecode.swift; path = "String+.swift"; sourceTree = "<group>"; };
		C98F1A0B2A83B59A002BF99F /* KeyedDecodingContainer+.swift */ = {isa = PBXFileReference; lastKnownFileType = sourcecode.swift; path = "KeyedDecodingContainer+.swift"; sourceTree = "<group>"; };
		C98F1A0D2A83C046002BF99F /* ImageContentDescriptionView.swift */ = {isa = PBXFileReference; lastKnownFileType = sourcecode.swift; path = ImageContentDescriptionView.swift; sourceTree = "<group>"; };
		C98F1A0F2A83C604002BF99F /* Int+.swift */ = {isa = PBXFileReference; lastKnownFileType = sourcecode.swift; path = "Int+.swift"; sourceTree = "<group>"; };
		C98F1A112A83D173002BF99F /* View+.swift */ = {isa = PBXFileReference; lastKnownFileType = sourcecode.swift; path = "View+.swift"; sourceTree = "<group>"; };
		C99E37B42A83F1DE00094B12 /* NavigationModel.swift */ = {isa = PBXFileReference; lastKnownFileType = sourcecode.swift; path = NavigationModel.swift; sourceTree = "<group>"; };
		C99E37B62A83F5DF00094B12 /* PhotoDetailView.swift */ = {isa = PBXFileReference; lastKnownFileType = sourcecode.swift; path = PhotoDetailView.swift; sourceTree = "<group>"; };
		C99E37BB2A8409D900094B12 /* TotalPhotosCountView.swift */ = {isa = PBXFileReference; lastKnownFileType = sourcecode.swift; path = TotalPhotosCountView.swift; sourceTree = "<group>"; };
/* End PBXFileReference section */

/* Begin PBXFrameworksBuildPhase section */
		C98F19B22A82CC6B002BF99F /* Frameworks */ = {
			isa = PBXFrameworksBuildPhase;
			buildActionMask = 2147483647;
			files = (
				C96E93BD2A858E5A00F0D633 /* Kingfisher in Frameworks */,
			);
			runOnlyForDeploymentPostprocessing = 0;
		};
		C98F19C62A82CC6E002BF99F /* Frameworks */ = {
			isa = PBXFrameworksBuildPhase;
			buildActionMask = 2147483647;
			files = (
			);
			runOnlyForDeploymentPostprocessing = 0;
		};
		C98F19D02A82CC6E002BF99F /* Frameworks */ = {
			isa = PBXFrameworksBuildPhase;
			buildActionMask = 2147483647;
			files = (
			);
			runOnlyForDeploymentPostprocessing = 0;
		};
/* End PBXFrameworksBuildPhase section */

/* Begin PBXGroup section */
		C96E933F2A84F4FB00F0D633 /* Network */ = {
			isa = PBXGroup;
			children = (
				C96E93502A84FEB400F0D633 /* UnsplashRemoteAPI.swift */,
				C96E93AA2A8568F900F0D633 /* Core */,
				C96E93A32A855F4F00F0D633 /* Router */,
			);
			path = Network;
			sourceTree = "<group>";
		};
		C96E93402A84F52D00F0D633 /* DI */ = {
			isa = PBXGroup;
			children = (
				C96E93432A84F57C00F0D633 /* DependencyContainer.swift */,
				C96E935B2A851B0400F0D633 /* Factories */,
			);
			path = DI;
			sourceTree = "<group>";
		};
		C96E93412A84F53400F0D633 /* Repository */ = {
			isa = PBXGroup;
			children = (
				C96E934E2A84FE9F00F0D633 /* UnsplashRepository.swift */,
				C96E93572A85035400F0D633 /* UnsplashRepositoryProvider.swift */,
			);
			path = Repository;
			sourceTree = "<group>";
		};
		C96E93522A84FFB900F0D633 /* DataStore */ = {
			isa = PBXGroup;
			children = (
				C96E93552A85027500F0D633 /* FileUnsplashCareTaker.swift */,
				C96E93532A84FFC000F0D633 /* UnsplashDataStore.swift */,
			);
			path = DataStore;
			sourceTree = "<group>";
		};
		C96E935B2A851B0400F0D633 /* Factories */ = {
			isa = PBXGroup;
			children = (
				C96E935E2A851B2700F0D633 /* NavigationModelFactory.swift */,
				C96E935C2A851B1200F0D633 /* UnsplashModelFactory.swift */,
			);
			path = Factories;
			sourceTree = "<group>";
		};
		C96E93602A851E9600F0D633 /* Infrastructure */ = {
			isa = PBXGroup;
			children = (
				C96E93612A851ECD00F0D633 /* Config */,
				C96E93522A84FFB900F0D633 /* DataStore */,
				C96E93402A84F52D00F0D633 /* DI */,
				C96E933F2A84F4FB00F0D633 /* Network */,
				C96E93412A84F53400F0D633 /* Repository */,
			);
			path = Infrastructure;
			sourceTree = "<group>";
		};
		C96E93612A851ECD00F0D633 /* Config */ = {
			isa = PBXGroup;
			children = (
				C96E93622A851ECD00F0D633 /* ConfigManager.swift */,
				C96E93652A851ECD00F0D633 /* ConfigProvider.swift */,
				C96E93642A851ECD00F0D633 /* CredentialProvider.swift */,
				C96E93632A851ECD00F0D633 /* UnsplashConfig.swift */,
				C96E93832A85490500F0D633 /* Config.xcconfig */,
			);
			path = Config;
			sourceTree = "<group>";
		};
		C96E936C2A85256C00F0D633 /* Stub */ = {
			isa = PBXGroup;
			children = (
				C96E936F2A85263F00F0D633 /* mockUnsplashPhoto.json */,
				C96E93762A852B8E00F0D633 /* StubUnsplashDataStore.swift */,
				C96E93782A852B9600F0D633 /* StubUnsplashRemoteAPI.swift */,
				C96E936D2A85258100F0D633 /* StubUnsplashRepository.swift */,
				C96E93B92A85898300F0D633 /* UnsplashMockEndpointType.swift */,
			);
			path = Stub;
			sourceTree = "<group>";
		};
		C96E93712A85266100F0D633 /* Helper */ = {
			isa = PBXGroup;
			children = (
				C96E93722A85266700F0D633 /* DecodeHelper.swift */,
				C96E93742A85286E00F0D633 /* MockHelper.swift */,
			);
			path = Helper;
			sourceTree = "<group>";
		};
		C96E937A2A852FFA00F0D633 /* Utility */ = {
			isa = PBXGroup;
			children = (
				C96E937B2A85300700F0D633 /* TestURLProtocol.swift */,
				C96E937D2A85301D00F0D633 /* InputStream.swift */,
			);
			path = Utility;
			sourceTree = "<group>";
		};
		C96E93A32A855F4F00F0D633 /* Router */ = {
			isa = PBXGroup;
			children = (
				C96E93A82A855FFD00F0D633 /* UnsplashEndpointType.swift */,
			);
			path = Router;
			sourceTree = "<group>";
		};
		C96E93AA2A8568F900F0D633 /* Core */ = {
			isa = PBXGroup;
			children = (
				C96E93AB2A85690500F0D633 /* EndPointType.swift */,
				C96E93AD2A85692900F0D633 /* HTTPMethod.swift */,
				C96E93AF2A85694500F0D633 /* HTTPTask.swift */,
				C96E93592A850C6E00F0D633 /* UnsplashRemoteAPIError.swift */,
				C96E93B12A85697A00F0D633 /* UnsplashRouter.swift */,
			);
			path = Core;
			sourceTree = "<group>";
		};
		C98F19AC2A82CC6B002BF99F = {
			isa = PBXGroup;
			children = (
				C98F19B72A82CC6B002BF99F /* Bennetts */,
				C98F19CC2A82CC6E002BF99F /* BennettsTests */,
				C98F19D62A82CC6E002BF99F /* BennettsUITests */,
				C98F19B62A82CC6B002BF99F /* Products */,
			);
			sourceTree = "<group>";
		};
		C98F19B62A82CC6B002BF99F /* Products */ = {
			isa = PBXGroup;
			children = (
				C98F19B52A82CC6B002BF99F /* Bennetts.app */,
				C98F19C92A82CC6E002BF99F /* BennettsTests.xctest */,
				C98F19D32A82CC6E002BF99F /* BennettsUITests.xctest */,
			);
			name = Products;
			sourceTree = "<group>";
		};
		C98F19B72A82CC6B002BF99F /* Bennetts */ = {
			isa = PBXGroup;
			children = (
				C98F19C32A82CC6E002BF99F /* Bennetts.entitlements */,
				C98F19C42A82CC6E002BF99F /* Info.plist */,
				C98F19B82A82CC6B002BF99F /* BennettsApp.swift */,
				C98F19BE2A82CC6E002BF99F /* Assets.xcassets */,
				C98F19E92A82F560002BF99F /* Components */,
				C98F19F02A82F831002BF99F /* Extensions */,
				C96E93602A851E9600F0D633 /* Infrastructure */,
				C98F19FA2A8301D9002BF99F /* Model */,
				C98F19C02A82CC6E002BF99F /* Preview Content */,
				C98F19E62A82CE07002BF99F /* View */,
				C98F1A052A83A377002BF99F /* ViewModel */,
			);
			path = Bennetts;
			sourceTree = "<group>";
		};
		C98F19C02A82CC6E002BF99F /* Preview Content */ = {
			isa = PBXGroup;
			children = (
				C98F19C12A82CC6E002BF99F /* Preview Assets.xcassets */,
			);
			path = "Preview Content";
			sourceTree = "<group>";
		};
		C98F19CC2A82CC6E002BF99F /* BennettsTests */ = {
			isa = PBXGroup;
			children = (
				C96E93842A854D7D00F0D633 /* FileUnsplashCareTakerTests.swift */,
				C96E93812A8533E000F0D633 /* UnsplashDataStoreTests.swift */,
				C96E93B52A85715D00F0D633 /* UnsplashEndpointTypeTests.swift */,
				C96E93862A85595D00F0D633 /* UnsplashModelTests.swift */,
				C96E937F2A85330000F0D633 /* UnsplashRemoteAPITests.swift */,
				C96E936A2A85253F00F0D633 /* UnsplashRepositoryTests.swift */,
				C96E93B32A85711D00F0D633 /* UnsplashRouterTests.swift */,
				C96E93712A85266100F0D633 /* Helper */,
				C96E936C2A85256C00F0D633 /* Stub */,
				C96E937A2A852FFA00F0D633 /* Utility */,
			);
			path = BennettsTests;
			sourceTree = "<group>";
		};
		C98F19D62A82CC6E002BF99F /* BennettsUITests */ = {
			isa = PBXGroup;
			children = (
				C98F19D72A82CC6E002BF99F /* BennettsUITests.swift */,
				C98F19D92A82CC6E002BF99F /* BennettsUITestsLaunchTests.swift */,
			);
			path = BennettsUITests;
			sourceTree = "<group>";
		};
		C98F19E62A82CE07002BF99F /* View */ = {
			isa = PBXGroup;
			children = (
				C98F19BA2A82CC6B002BF99F /* ContentView.swift */,
				C99E37B62A83F5DF00094B12 /* PhotoDetailView.swift */,
			);
			path = View;
			sourceTree = "<group>";
		};
		C98F19E92A82F560002BF99F /* Components */ = {
			isa = PBXGroup;
			children = (
				C98F1A0D2A83C046002BF99F /* ImageContentDescriptionView.swift */,
				C98F19EA2A82F57C002BF99F /* BSAsyncImage.swift */,
				C98F19F52A83009A002BF99F /* ProfileImageView.swift */,
				C98F19F72A8300BF002BF99F /* LikeCountView.swift */,
				C99E37BB2A8409D900094B12 /* TotalPhotosCountView.swift */,
			);
			path = Components;
			sourceTree = "<group>";
		};
		C98F19F02A82F831002BF99F /* Extensions */ = {
			isa = PBXGroup;
			children = (
				C98F19F32A82F85B002BF99F /* URL+.swift */,
				C98F1A012A8302E9002BF99F /* Color+.swift */,
				C98F1A032A830338002BF99F /* Dictionary+.swift */,
				C98F1A082A83A3EF002BF99F /* String+.swift */,
				C98F1A0B2A83B59A002BF99F /* KeyedDecodingContainer+.swift */,
				C98F1A0F2A83C604002BF99F /* Int+.swift */,
				C98F1A112A83D173002BF99F /* View+.swift */,
			);
			path = Extensions;
			sourceTree = "<group>";
		};
		C98F19FA2A8301D9002BF99F /* Model */ = {
			isa = PBXGroup;
			children = (
				C99E37B42A83F1DE00094B12 /* NavigationModel.swift */,
				C98F19FB2A8301F8002BF99F /* UnsplashPhoto.swift */,
				C98F19FD2A830213002BF99F /* UnsplashPhotoExif.swift */,
				C98F19FF2A830229002BF99F /* UnsplashUser.swift */,
			);
			path = Model;
			sourceTree = "<group>";
		};
		C98F1A052A83A377002BF99F /* ViewModel */ = {
			isa = PBXGroup;
			children = (
				C98F1A062A83A38F002BF99F /* UnsplashModel.swift */,
			);
			path = ViewModel;
			sourceTree = "<group>";
		};
/* End PBXGroup section */

/* Begin PBXNativeTarget section */
		C98F19B42A82CC6B002BF99F /* Bennetts */ = {
			isa = PBXNativeTarget;
			buildConfigurationList = C98F19DD2A82CC6E002BF99F /* Build configuration list for PBXNativeTarget "Bennetts" */;
			buildPhases = (
				C98F19B12A82CC6B002BF99F /* Sources */,
				C98F19B22A82CC6B002BF99F /* Frameworks */,
				C98F19B32A82CC6B002BF99F /* Resources */,
			);
			buildRules = (
			);
			dependencies = (
			);
			name = Bennetts;
			packageProductDependencies = (
				C96E93BC2A858E5A00F0D633 /* Kingfisher */,
			);
			productName = Bennetts;
			productReference = C98F19B52A82CC6B002BF99F /* Bennetts.app */;
			productType = "com.apple.product-type.application";
		};
		C98F19C82A82CC6E002BF99F /* BennettsTests */ = {
			isa = PBXNativeTarget;
			buildConfigurationList = C98F19E02A82CC6E002BF99F /* Build configuration list for PBXNativeTarget "BennettsTests" */;
			buildPhases = (
				C98F19C52A82CC6E002BF99F /* Sources */,
				C98F19C62A82CC6E002BF99F /* Frameworks */,
				C98F19C72A82CC6E002BF99F /* Resources */,
			);
			buildRules = (
			);
			dependencies = (
				C98F19CB2A82CC6E002BF99F /* PBXTargetDependency */,
			);
			name = BennettsTests;
			productName = BennettsTests;
			productReference = C98F19C92A82CC6E002BF99F /* BennettsTests.xctest */;
			productType = "com.apple.product-type.bundle.unit-test";
		};
		C98F19D22A82CC6E002BF99F /* BennettsUITests */ = {
			isa = PBXNativeTarget;
			buildConfigurationList = C98F19E32A82CC6E002BF99F /* Build configuration list for PBXNativeTarget "BennettsUITests" */;
			buildPhases = (
				C98F19CF2A82CC6E002BF99F /* Sources */,
				C98F19D02A82CC6E002BF99F /* Frameworks */,
				C98F19D12A82CC6E002BF99F /* Resources */,
			);
			buildRules = (
			);
			dependencies = (
				C98F19D52A82CC6E002BF99F /* PBXTargetDependency */,
			);
			name = BennettsUITests;
			productName = BennettsUITests;
			productReference = C98F19D32A82CC6E002BF99F /* BennettsUITests.xctest */;
			productType = "com.apple.product-type.bundle.ui-testing";
		};
/* End PBXNativeTarget section */

/* Begin PBXProject section */
		C98F19AD2A82CC6B002BF99F /* Project object */ = {
			isa = PBXProject;
			attributes = {
				BuildIndependentTargetsInParallel = 1;
				LastSwiftUpdateCheck = 1500;
				LastUpgradeCheck = 1500;
				TargetAttributes = {
					C98F19B42A82CC6B002BF99F = {
						CreatedOnToolsVersion = 15.0;
					};
					C98F19C82A82CC6E002BF99F = {
						CreatedOnToolsVersion = 15.0;
						TestTargetID = C98F19B42A82CC6B002BF99F;
					};
					C98F19D22A82CC6E002BF99F = {
						CreatedOnToolsVersion = 15.0;
						TestTargetID = C98F19B42A82CC6B002BF99F;
					};
				};
			};
			buildConfigurationList = C98F19B02A82CC6B002BF99F /* Build configuration list for PBXProject "Bennetts" */;
			compatibilityVersion = "Xcode 14.0";
			developmentRegion = en;
			hasScannedForEncodings = 0;
			knownRegions = (
				en,
				Base,
			);
			mainGroup = C98F19AC2A82CC6B002BF99F;
			packageReferences = (
				C96E93BB2A858E5A00F0D633 /* XCRemoteSwiftPackageReference "Kingfisher" */,
			);
			productRefGroup = C98F19B62A82CC6B002BF99F /* Products */;
			projectDirPath = "";
			projectRoot = "";
			targets = (
				C98F19B42A82CC6B002BF99F /* Bennetts */,
				C98F19C82A82CC6E002BF99F /* BennettsTests */,
				C98F19D22A82CC6E002BF99F /* BennettsUITests */,
			);
		};
/* End PBXProject section */

/* Begin PBXResourcesBuildPhase section */
		C98F19B32A82CC6B002BF99F /* Resources */ = {
			isa = PBXResourcesBuildPhase;
			buildActionMask = 2147483647;
			files = (
				C98F19C22A82CC6E002BF99F /* Preview Assets.xcassets in Resources */,
				C98F19BF2A82CC6E002BF99F /* Assets.xcassets in Resources */,
			);
			runOnlyForDeploymentPostprocessing = 0;
		};
		C98F19C72A82CC6E002BF99F /* Resources */ = {
			isa = PBXResourcesBuildPhase;
			buildActionMask = 2147483647;
			files = (
				C96E93702A85263F00F0D633 /* mockUnsplashPhoto.json in Resources */,
			);
			runOnlyForDeploymentPostprocessing = 0;
		};
		C98F19D12A82CC6E002BF99F /* Resources */ = {
			isa = PBXResourcesBuildPhase;
			buildActionMask = 2147483647;
			files = (
			);
			runOnlyForDeploymentPostprocessing = 0;
		};
/* End PBXResourcesBuildPhase section */

/* Begin PBXSourcesBuildPhase section */
		C98F19B12A82CC6B002BF99F /* Sources */ = {
			isa = PBXSourcesBuildPhase;
			buildActionMask = 2147483647;
			files = (
				C98F1A102A83C604002BF99F /* Int+.swift in Sources */,
				C99E37BC2A8409D900094B12 /* TotalPhotosCountView.swift in Sources */,
				C96E93A92A855FFD00F0D633 /* UnsplashEndpointType.swift in Sources */,
				C96E935F2A851B2700F0D633 /* NavigationModelFactory.swift in Sources */,
				C96E93542A84FFC000F0D633 /* UnsplashDataStore.swift in Sources */,
				C96E93562A85027500F0D633 /* FileUnsplashCareTaker.swift in Sources */,
				C98F19F62A83009A002BF99F /* ProfileImageView.swift in Sources */,
				C98F19F82A8300BF002BF99F /* LikeCountView.swift in Sources */,
				C98F19F42A82F85B002BF99F /* URL+.swift in Sources */,
				C98F1A122A83D173002BF99F /* View+.swift in Sources */,
				C96E93582A85035400F0D633 /* UnsplashRepositoryProvider.swift in Sources */,
				C96E934F2A84FE9F00F0D633 /* UnsplashRepository.swift in Sources */,
				C96E93692A851ECD00F0D633 /* ConfigProvider.swift in Sources */,
				C96E93AC2A85690500F0D633 /* EndPointType.swift in Sources */,
				C98F19BB2A82CC6B002BF99F /* ContentView.swift in Sources */,
				C96E93512A84FEB400F0D633 /* UnsplashRemoteAPI.swift in Sources */,
				C98F1A072A83A38F002BF99F /* UnsplashModel.swift in Sources */,
				C96E93B02A85694500F0D633 /* HTTPTask.swift in Sources */,
				C98F1A042A830338002BF99F /* Dictionary+.swift in Sources */,
				C99E37B52A83F1DE00094B12 /* NavigationModel.swift in Sources */,
				C96E93B22A85697A00F0D633 /* UnsplashRouter.swift in Sources */,
				C98F19FE2A830213002BF99F /* UnsplashPhotoExif.swift in Sources */,
				C98F1A002A830229002BF99F /* UnsplashUser.swift in Sources */,
				C96E935A2A850C6E00F0D633 /* UnsplashRemoteAPIError.swift in Sources */,
				C99E37B72A83F5DF00094B12 /* PhotoDetailView.swift in Sources */,
				C98F19EB2A82F57C002BF99F /* BSAsyncImage.swift in Sources */,
				C98F1A022A8302E9002BF99F /* Color+.swift in Sources */,
				C96E93442A84F57C00F0D633 /* DependencyContainer.swift in Sources */,
				C98F1A0E2A83C046002BF99F /* ImageContentDescriptionView.swift in Sources */,
				C96E935D2A851B1200F0D633 /* UnsplashModelFactory.swift in Sources */,
				C98F1A0C2A83B59A002BF99F /* KeyedDecodingContainer+.swift in Sources */,
				C96E93682A851ECD00F0D633 /* CredentialProvider.swift in Sources */,
				C96E93672A851ECD00F0D633 /* UnsplashConfig.swift in Sources */,
				C98F19FC2A8301F8002BF99F /* UnsplashPhoto.swift in Sources */,
				C96E93AE2A85692900F0D633 /* HTTPMethod.swift in Sources */,
				C98F1A092A83A3EF002BF99F /* String+.swift in Sources */,
				C96E93662A851ECD00F0D633 /* ConfigManager.swift in Sources */,
				C98F19B92A82CC6B002BF99F /* BennettsApp.swift in Sources */,
			);
			runOnlyForDeploymentPostprocessing = 0;
		};
		C98F19C52A82CC6E002BF99F /* Sources */ = {
			isa = PBXSourcesBuildPhase;
			buildActionMask = 2147483647;
			files = (
				C96E93B42A85711D00F0D633 /* UnsplashRouterTests.swift in Sources */,
				C96E93752A85286E00F0D633 /* MockHelper.swift in Sources */,
				C96E93B62A85715D00F0D633 /* UnsplashEndpointTypeTests.swift in Sources */,
				C96E93872A85595D00F0D633 /* UnsplashModelTests.swift in Sources */,
				C96E93732A85266700F0D633 /* DecodeHelper.swift in Sources */,
				C96E93772A852B8E00F0D633 /* StubUnsplashDataStore.swift in Sources */,
				C96E937E2A85301D00F0D633 /* InputStream.swift in Sources */,
				C96E936E2A85258100F0D633 /* StubUnsplashRepository.swift in Sources */,
				C96E937C2A85300700F0D633 /* TestURLProtocol.swift in Sources */,
				C96E936B2A85253F00F0D633 /* UnsplashRepositoryTests.swift in Sources */,
				C96E93802A85330000F0D633 /* UnsplashRemoteAPITests.swift in Sources */,
				C96E93852A854D7D00F0D633 /* FileUnsplashCareTakerTests.swift in Sources */,
				C96E93BA2A85898300F0D633 /* UnsplashMockEndpointType.swift in Sources */,
				C96E93822A8533E000F0D633 /* UnsplashDataStoreTests.swift in Sources */,
				C96E93792A852B9600F0D633 /* StubUnsplashRemoteAPI.swift in Sources */,
			);
			runOnlyForDeploymentPostprocessing = 0;
		};
		C98F19CF2A82CC6E002BF99F /* Sources */ = {
			isa = PBXSourcesBuildPhase;
			buildActionMask = 2147483647;
			files = (
				C98F19DA2A82CC6E002BF99F /* BennettsUITestsLaunchTests.swift in Sources */,
				C98F19D82A82CC6E002BF99F /* BennettsUITests.swift in Sources */,
			);
			runOnlyForDeploymentPostprocessing = 0;
		};
/* End PBXSourcesBuildPhase section */

/* Begin PBXTargetDependency section */
		C98F19CB2A82CC6E002BF99F /* PBXTargetDependency */ = {
			isa = PBXTargetDependency;
			target = C98F19B42A82CC6B002BF99F /* Bennetts */;
			targetProxy = C98F19CA2A82CC6E002BF99F /* PBXContainerItemProxy */;
		};
		C98F19D52A82CC6E002BF99F /* PBXTargetDependency */ = {
			isa = PBXTargetDependency;
			target = C98F19B42A82CC6B002BF99F /* Bennetts */;
			targetProxy = C98F19D42A82CC6E002BF99F /* PBXContainerItemProxy */;
		};
/* End PBXTargetDependency section */

/* Begin XCBuildConfiguration section */
		C98F19DB2A82CC6E002BF99F /* Debug */ = {
			isa = XCBuildConfiguration;
			buildSettings = {
				ALWAYS_SEARCH_USER_PATHS = NO;
				ASSETCATALOG_COMPILER_GENERATE_SWIFT_ASSET_SYMBOL_EXTENSIONS = YES;
				CLANG_ANALYZER_NONNULL = YES;
				CLANG_ANALYZER_NUMBER_OBJECT_CONVERSION = YES_AGGRESSIVE;
				CLANG_CXX_LANGUAGE_STANDARD = "gnu++20";
				CLANG_ENABLE_MODULES = YES;
				CLANG_ENABLE_OBJC_ARC = YES;
				CLANG_ENABLE_OBJC_WEAK = YES;
				CLANG_WARN_BLOCK_CAPTURE_AUTORELEASING = YES;
				CLANG_WARN_BOOL_CONVERSION = YES;
				CLANG_WARN_COMMA = YES;
				CLANG_WARN_CONSTANT_CONVERSION = YES;
				CLANG_WARN_DEPRECATED_OBJC_IMPLEMENTATIONS = YES;
				CLANG_WARN_DIRECT_OBJC_ISA_USAGE = YES_ERROR;
				CLANG_WARN_DOCUMENTATION_COMMENTS = YES;
				CLANG_WARN_EMPTY_BODY = YES;
				CLANG_WARN_ENUM_CONVERSION = YES;
				CLANG_WARN_INFINITE_RECURSION = YES;
				CLANG_WARN_INT_CONVERSION = YES;
				CLANG_WARN_NON_LITERAL_NULL_CONVERSION = YES;
				CLANG_WARN_OBJC_IMPLICIT_RETAIN_SELF = YES;
				CLANG_WARN_OBJC_LITERAL_CONVERSION = YES;
				CLANG_WARN_OBJC_ROOT_CLASS = YES_ERROR;
				CLANG_WARN_QUOTED_INCLUDE_IN_FRAMEWORK_HEADER = YES;
				CLANG_WARN_RANGE_LOOP_ANALYSIS = YES;
				CLANG_WARN_STRICT_PROTOTYPES = YES;
				CLANG_WARN_SUSPICIOUS_MOVE = YES;
				CLANG_WARN_UNGUARDED_AVAILABILITY = YES_AGGRESSIVE;
				CLANG_WARN_UNREACHABLE_CODE = YES;
				CLANG_WARN__DUPLICATE_METHOD_MATCH = YES;
				COPY_PHASE_STRIP = NO;
				DEBUG_INFORMATION_FORMAT = dwarf;
				ENABLE_STRICT_OBJC_MSGSEND = YES;
				ENABLE_TESTABILITY = YES;
				ENABLE_USER_SCRIPT_SANDBOXING = YES;
				GCC_C_LANGUAGE_STANDARD = gnu17;
				GCC_DYNAMIC_NO_PIC = NO;
				GCC_NO_COMMON_BLOCKS = YES;
				GCC_OPTIMIZATION_LEVEL = 0;
				GCC_PREPROCESSOR_DEFINITIONS = (
					"DEBUG=1",
					"$(inherited)",
				);
				GCC_WARN_64_TO_32_BIT_CONVERSION = YES;
				GCC_WARN_ABOUT_RETURN_TYPE = YES_ERROR;
				GCC_WARN_UNDECLARED_SELECTOR = YES;
				GCC_WARN_UNINITIALIZED_AUTOS = YES_AGGRESSIVE;
				GCC_WARN_UNUSED_FUNCTION = YES;
				GCC_WARN_UNUSED_VARIABLE = YES;
				IPHONEOS_DEPLOYMENT_TARGET = 17.0;
				LOCALIZATION_PREFERS_STRING_CATALOGS = YES;
				MTL_ENABLE_DEBUG_INFO = INCLUDE_SOURCE;
				MTL_FAST_MATH = YES;
				ONLY_ACTIVE_ARCH = YES;
				SDKROOT = iphoneos;
				SWIFT_ACTIVE_COMPILATION_CONDITIONS = "DEBUG $(inherited)";
				SWIFT_OPTIMIZATION_LEVEL = "-Onone";
			};
			name = Debug;
		};
		C98F19DC2A82CC6E002BF99F /* Release */ = {
			isa = XCBuildConfiguration;
			buildSettings = {
				ALWAYS_SEARCH_USER_PATHS = NO;
				ASSETCATALOG_COMPILER_GENERATE_SWIFT_ASSET_SYMBOL_EXTENSIONS = YES;
				CLANG_ANALYZER_NONNULL = YES;
				CLANG_ANALYZER_NUMBER_OBJECT_CONVERSION = YES_AGGRESSIVE;
				CLANG_CXX_LANGUAGE_STANDARD = "gnu++20";
				CLANG_ENABLE_MODULES = YES;
				CLANG_ENABLE_OBJC_ARC = YES;
				CLANG_ENABLE_OBJC_WEAK = YES;
				CLANG_WARN_BLOCK_CAPTURE_AUTORELEASING = YES;
				CLANG_WARN_BOOL_CONVERSION = YES;
				CLANG_WARN_COMMA = YES;
				CLANG_WARN_CONSTANT_CONVERSION = YES;
				CLANG_WARN_DEPRECATED_OBJC_IMPLEMENTATIONS = YES;
				CLANG_WARN_DIRECT_OBJC_ISA_USAGE = YES_ERROR;
				CLANG_WARN_DOCUMENTATION_COMMENTS = YES;
				CLANG_WARN_EMPTY_BODY = YES;
				CLANG_WARN_ENUM_CONVERSION = YES;
				CLANG_WARN_INFINITE_RECURSION = YES;
				CLANG_WARN_INT_CONVERSION = YES;
				CLANG_WARN_NON_LITERAL_NULL_CONVERSION = YES;
				CLANG_WARN_OBJC_IMPLICIT_RETAIN_SELF = YES;
				CLANG_WARN_OBJC_LITERAL_CONVERSION = YES;
				CLANG_WARN_OBJC_ROOT_CLASS = YES_ERROR;
				CLANG_WARN_QUOTED_INCLUDE_IN_FRAMEWORK_HEADER = YES;
				CLANG_WARN_RANGE_LOOP_ANALYSIS = YES;
				CLANG_WARN_STRICT_PROTOTYPES = YES;
				CLANG_WARN_SUSPICIOUS_MOVE = YES;
				CLANG_WARN_UNGUARDED_AVAILABILITY = YES_AGGRESSIVE;
				CLANG_WARN_UNREACHABLE_CODE = YES;
				CLANG_WARN__DUPLICATE_METHOD_MATCH = YES;
				COPY_PHASE_STRIP = NO;
				DEBUG_INFORMATION_FORMAT = "dwarf-with-dsym";
				ENABLE_NS_ASSERTIONS = NO;
				ENABLE_STRICT_OBJC_MSGSEND = YES;
				ENABLE_USER_SCRIPT_SANDBOXING = YES;
				GCC_C_LANGUAGE_STANDARD = gnu17;
				GCC_NO_COMMON_BLOCKS = YES;
				GCC_WARN_64_TO_32_BIT_CONVERSION = YES;
				GCC_WARN_ABOUT_RETURN_TYPE = YES_ERROR;
				GCC_WARN_UNDECLARED_SELECTOR = YES;
				GCC_WARN_UNINITIALIZED_AUTOS = YES_AGGRESSIVE;
				GCC_WARN_UNUSED_FUNCTION = YES;
				GCC_WARN_UNUSED_VARIABLE = YES;
				IPHONEOS_DEPLOYMENT_TARGET = 17.0;
				LOCALIZATION_PREFERS_STRING_CATALOGS = YES;
				MTL_ENABLE_DEBUG_INFO = NO;
				MTL_FAST_MATH = YES;
				SDKROOT = iphoneos;
				SWIFT_COMPILATION_MODE = wholemodule;
				VALIDATE_PRODUCT = YES;
			};
			name = Release;
		};
		C98F19DE2A82CC6E002BF99F /* Debug */ = {
			isa = XCBuildConfiguration;
			baseConfigurationReference = C96E93832A85490500F0D633 /* Config.xcconfig */;
			buildSettings = {
				ASSETCATALOG_COMPILER_APPICON_NAME = AppIcon;
				ASSETCATALOG_COMPILER_GLOBAL_ACCENT_COLOR_NAME = AccentColor;
				CODE_SIGN_ENTITLEMENTS = Bennetts/Bennetts.entitlements;
				CODE_SIGN_STYLE = Automatic;
				CURRENT_PROJECT_VERSION = 1;
				DEVELOPMENT_ASSET_PATHS = "\"Bennetts/Preview Content\"";
				DEVELOPMENT_TEAM = VYGZYM27PR;
				ENABLE_PREVIEWS = YES;
				GENERATE_INFOPLIST_FILE = YES;
				INFOPLIST_FILE = Bennetts/Info.plist;
				INFOPLIST_KEY_CFBundleDisplayName = Bennetts;
				INFOPLIST_KEY_LSApplicationCategoryType = "public.app-category.photography";
				INFOPLIST_KEY_UIApplicationSceneManifest_Generation = YES;
				INFOPLIST_KEY_UIApplicationSupportsIndirectInputEvents = YES;
				INFOPLIST_KEY_UILaunchScreen_Generation = YES;
				INFOPLIST_KEY_UISupportedInterfaceOrientations_iPad = "UIInterfaceOrientationPortrait UIInterfaceOrientationPortraitUpsideDown UIInterfaceOrientationLandscapeLeft UIInterfaceOrientationLandscapeRight";
				INFOPLIST_KEY_UISupportedInterfaceOrientations_iPhone = "UIInterfaceOrientationPortrait UIInterfaceOrientationLandscapeLeft UIInterfaceOrientationLandscapeRight";
				LD_RUNPATH_SEARCH_PATHS = (
					"$(inherited)",
					"@executable_path/Frameworks",
				);
				MARKETING_VERSION = 1.0;
				PRODUCT_BUNDLE_IDENTIFIER = com.sirman.Bennetts;
				PRODUCT_NAME = "$(TARGET_NAME)";
				SWIFT_EMIT_LOC_STRINGS = YES;
				SWIFT_VERSION = 5.0;
				TARGETED_DEVICE_FAMILY = "1,2";
			};
			name = Debug;
		};
		C98F19DF2A82CC6E002BF99F /* Release */ = {
			isa = XCBuildConfiguration;
			buildSettings = {
				ASSETCATALOG_COMPILER_APPICON_NAME = AppIcon;
				ASSETCATALOG_COMPILER_GLOBAL_ACCENT_COLOR_NAME = AccentColor;
				CODE_SIGN_ENTITLEMENTS = Bennetts/Bennetts.entitlements;
				CODE_SIGN_STYLE = Automatic;
				CURRENT_PROJECT_VERSION = 1;
				DEVELOPMENT_ASSET_PATHS = "\"Bennetts/Preview Content\"";
				DEVELOPMENT_TEAM = VYGZYM27PR;
				ENABLE_PREVIEWS = YES;
				GENERATE_INFOPLIST_FILE = YES;
				INFOPLIST_FILE = Bennetts/Info.plist;
				INFOPLIST_KEY_CFBundleDisplayName = Bennetts;
				INFOPLIST_KEY_LSApplicationCategoryType = "public.app-category.photography";
				INFOPLIST_KEY_UIApplicationSceneManifest_Generation = YES;
				INFOPLIST_KEY_UIApplicationSupportsIndirectInputEvents = YES;
				INFOPLIST_KEY_UILaunchScreen_Generation = YES;
				INFOPLIST_KEY_UISupportedInterfaceOrientations_iPad = "UIInterfaceOrientationPortrait UIInterfaceOrientationPortraitUpsideDown UIInterfaceOrientationLandscapeLeft UIInterfaceOrientationLandscapeRight";
				INFOPLIST_KEY_UISupportedInterfaceOrientations_iPhone = "UIInterfaceOrientationPortrait UIInterfaceOrientationLandscapeLeft UIInterfaceOrientationLandscapeRight";
				LD_RUNPATH_SEARCH_PATHS = (
					"$(inherited)",
					"@executable_path/Frameworks",
				);
				MARKETING_VERSION = 1.0;
				PRODUCT_BUNDLE_IDENTIFIER = com.sirman.Bennetts;
				PRODUCT_NAME = "$(TARGET_NAME)";
				SWIFT_EMIT_LOC_STRINGS = YES;
				SWIFT_VERSION = 5.0;
				TARGETED_DEVICE_FAMILY = "1,2";
			};
			name = Release;
		};
		C98F19E12A82CC6E002BF99F /* Debug */ = {
			isa = XCBuildConfiguration;
			buildSettings = {
				ALWAYS_EMBED_SWIFT_STANDARD_LIBRARIES = YES;
				BUNDLE_LOADER = "$(TEST_HOST)";
				CODE_SIGN_STYLE = Automatic;
				CURRENT_PROJECT_VERSION = 1;
				DEVELOPMENT_TEAM = VYGZYM27PR;
				GENERATE_INFOPLIST_FILE = YES;
				IPHONEOS_DEPLOYMENT_TARGET = 17.0;
				MARKETING_VERSION = 1.0;
				PRODUCT_BUNDLE_IDENTIFIER = com.sirman.BennettsTests;
				PRODUCT_NAME = "$(TARGET_NAME)";
				SWIFT_EMIT_LOC_STRINGS = NO;
				SWIFT_VERSION = 5.0;
				TARGETED_DEVICE_FAMILY = "1,2";
				TEST_HOST = "$(BUILT_PRODUCTS_DIR)/Bennetts.app/$(BUNDLE_EXECUTABLE_FOLDER_PATH)/Bennetts";
			};
			name = Debug;
		};
		C98F19E22A82CC6E002BF99F /* Release */ = {
			isa = XCBuildConfiguration;
			buildSettings = {
				ALWAYS_EMBED_SWIFT_STANDARD_LIBRARIES = YES;
				BUNDLE_LOADER = "$(TEST_HOST)";
				CODE_SIGN_STYLE = Automatic;
				CURRENT_PROJECT_VERSION = 1;
				DEVELOPMENT_TEAM = VYGZYM27PR;
				GENERATE_INFOPLIST_FILE = YES;
				IPHONEOS_DEPLOYMENT_TARGET = 17.0;
				MARKETING_VERSION = 1.0;
				PRODUCT_BUNDLE_IDENTIFIER = com.sirman.BennettsTests;
				PRODUCT_NAME = "$(TARGET_NAME)";
				SWIFT_EMIT_LOC_STRINGS = NO;
				SWIFT_VERSION = 5.0;
				TARGETED_DEVICE_FAMILY = "1,2";
				TEST_HOST = "$(BUILT_PRODUCTS_DIR)/Bennetts.app/$(BUNDLE_EXECUTABLE_FOLDER_PATH)/Bennetts";
			};
			name = Release;
		};
		C98F19E42A82CC6E002BF99F /* Debug */ = {
			isa = XCBuildConfiguration;
			buildSettings = {
				ALWAYS_EMBED_SWIFT_STANDARD_LIBRARIES = YES;
				CODE_SIGN_STYLE = Automatic;
				CURRENT_PROJECT_VERSION = 1;
				DEVELOPMENT_TEAM = VYGZYM27PR;
				GENERATE_INFOPLIST_FILE = YES;
				MARKETING_VERSION = 1.0;
				PRODUCT_BUNDLE_IDENTIFIER = com.sirman.BennettsUITests;
				PRODUCT_NAME = "$(TARGET_NAME)";
				SWIFT_EMIT_LOC_STRINGS = NO;
				SWIFT_VERSION = 5.0;
				TARGETED_DEVICE_FAMILY = "1,2";
				TEST_TARGET_NAME = Bennetts;
			};
			name = Debug;
		};
		C98F19E52A82CC6E002BF99F /* Release */ = {
			isa = XCBuildConfiguration;
			buildSettings = {
				ALWAYS_EMBED_SWIFT_STANDARD_LIBRARIES = YES;
				CODE_SIGN_STYLE = Automatic;
				CURRENT_PROJECT_VERSION = 1;
				DEVELOPMENT_TEAM = VYGZYM27PR;
				GENERATE_INFOPLIST_FILE = YES;
				MARKETING_VERSION = 1.0;
				PRODUCT_BUNDLE_IDENTIFIER = com.sirman.BennettsUITests;
				PRODUCT_NAME = "$(TARGET_NAME)";
				SWIFT_EMIT_LOC_STRINGS = NO;
				SWIFT_VERSION = 5.0;
				TARGETED_DEVICE_FAMILY = "1,2";
				TEST_TARGET_NAME = Bennetts;
			};
			name = Release;
		};
/* End XCBuildConfiguration section */

/* Begin XCConfigurationList section */
		C98F19B02A82CC6B002BF99F /* Build configuration list for PBXProject "Bennetts" */ = {
			isa = XCConfigurationList;
			buildConfigurations = (
				C98F19DB2A82CC6E002BF99F /* Debug */,
				C98F19DC2A82CC6E002BF99F /* Release */,
			);
			defaultConfigurationIsVisible = 0;
			defaultConfigurationName = Release;
		};
		C98F19DD2A82CC6E002BF99F /* Build configuration list for PBXNativeTarget "Bennetts" */ = {
			isa = XCConfigurationList;
			buildConfigurations = (
				C98F19DE2A82CC6E002BF99F /* Debug */,
				C98F19DF2A82CC6E002BF99F /* Release */,
			);
			defaultConfigurationIsVisible = 0;
			defaultConfigurationName = Release;
		};
		C98F19E02A82CC6E002BF99F /* Build configuration list for PBXNativeTarget "BennettsTests" */ = {
			isa = XCConfigurationList;
			buildConfigurations = (
				C98F19E12A82CC6E002BF99F /* Debug */,
				C98F19E22A82CC6E002BF99F /* Release */,
			);
			defaultConfigurationIsVisible = 0;
			defaultConfigurationName = Release;
		};
		C98F19E32A82CC6E002BF99F /* Build configuration list for PBXNativeTarget "BennettsUITests" */ = {
			isa = XCConfigurationList;
			buildConfigurations = (
				C98F19E42A82CC6E002BF99F /* Debug */,
				C98F19E52A82CC6E002BF99F /* Release */,
			);
			defaultConfigurationIsVisible = 0;
			defaultConfigurationName = Release;
		};
/* End XCConfigurationList section */

/* Begin XCRemoteSwiftPackageReference section */
		C96E93BB2A858E5A00F0D633 /* XCRemoteSwiftPackageReference "Kingfisher" */ = {
			isa = XCRemoteSwiftPackageReference;
			repositoryURL = "https://github.com/onevcat/Kingfisher.git";
			requirement = {
				kind = upToNextMajorVersion;
				minimumVersion = 7.9.0;
			};
		};
/* End XCRemoteSwiftPackageReference section */

/* Begin XCSwiftPackageProductDependency section */
		C96E93BC2A858E5A00F0D633 /* Kingfisher */ = {
			isa = XCSwiftPackageProductDependency;
			package = C96E93BB2A858E5A00F0D633 /* XCRemoteSwiftPackageReference "Kingfisher" */;
			productName = Kingfisher;
		};
/* End XCSwiftPackageProductDependency section */
	};
	rootObject = C98F19AD2A82CC6B002BF99F /* Project object */;
}
